PODS:
  - Bolts (1.9.0):
    - Bolts/AppLinks (= 1.9.0)
    - Bolts/Tasks (= 1.9.0)
  - Bolts/AppLinks (1.9.0):
    - Bolts/Tasks
  - Bolts/Tasks (1.9.0)
  - FacebookCore (0.6.0):
    - Bolts (~> 1.9)
    - FBSDKCoreKit (~> 4.43)
  - FacebookLogin (0.6.0):
    - Bolts (~> 1.9)
    - FacebookCore (~> 0.5)
    - FBSDKCoreKit (~> 4.43)
    - FBSDKLoginKit (~> 4.43)
  - FBSDKCoreKit (4.44.1):
    - Bolts (~> 1.9)
  - FBSDKLoginKit (4.44.1):
    - FBSDKCoreKit
  - ImageSlideshow (1.7.0):
    - ImageSlideshow/Core (= 1.7.0)
  - ImageSlideshow/Core (1.7.0)
  - ImageSlideshow/SDWebImage (1.7.0):
    - ImageSlideshow/Core
    - SDWebImage (< 5.0, >= 3.7)
  - ModelMapper (10.0.0):
    - ModelMapper/Core (= 10.0.0)
  - ModelMapper/Core (10.0.0)
  - SDWebImage (4.4.6):
    - SDWebImage/Core (= 4.4.6)
  - SDWebImage/Core (4.4.6)
  - SideMenuSwift (2.0.0)
  - Swifter (2.3.0)
  - VK-ios-sdk (1.4.6)

DEPENDENCIES:
  - FacebookCore
  - FacebookLogin
  - ImageSlideshow
  - ImageSlideshow/SDWebImage
  - ModelMapper
  - SDWebImage
  - SideMenuSwift
  - Swifter (from `https://github.com/mattdonnelly/Swifter.git`, tag `2.3.0`)
  - VK-ios-sdk

SPEC REPOS:
  https://github.com/cocoapods/specs.git:
    - Bolts
    - FacebookCore
    - FacebookLogin
    - FBSDKCoreKit
    - FBSDKLoginKit
    - ImageSlideshow
    - ModelMapper
    - SDWebImage
    - SideMenuSwift
    - VK-ios-sdk

EXTERNAL SOURCES:
  Swifter:
    :git: https://github.com/mattdonnelly/Swifter.git
    :tag: 2.3.0

CHECKOUT OPTIONS:
  Swifter:
    :git: https://github.com/mattdonnelly/Swifter.git
    :tag: 2.3.0

SPEC CHECKSUMS:
  Bolts: ac6567323eac61e203f6a9763667d0f711be34c8
  FacebookCore: 38cd3a4078738d6f648eb9b6b9d35b02d693e9a1
  FacebookLogin: 658b0569961a081a0890f5f4dbf69ced00657d9e
  FBSDKCoreKit: a823ae35bdb60ebb8d7a7e51abe7c5d87d2bfced
  FBSDKLoginKit: 54ae59987f2a8703021557c90a9aebb9e5c2bef6
  ImageSlideshow: f8eec5e37a980f60923b585ff23b0e140fd24018
  ModelMapper: a8dbf2a2003bf626627b9fe7c9a22b3405a30404
  SDWebImage: 3f3f0c02f09798048c47a5ed0a13f17b063572d8
  SideMenuSwift: 1bee5a0e54c6df7d8106f749b82567eae5c6d974
  Swifter: dbdc8b8d35efb46d5a636502545b6dd95eea6285
  VK-ios-sdk: 7fd48bc5aaa6b96c3197c1987eb6593f2ea67331

PODFILE CHECKSUM: ffc94921f8d09d66ccc1432b7f097bf876b4617a

COCOAPODS: 1.6.1
