// !$*UTF8*$!
{
	archiveVersion = 1;
	classes = {
	};
	objectVersion = 50;
	objects = {

/* Begin PBXBuildFile section */
		093A1C372244EE4600D276DA /* UIAppExtension.swift in Sources */ = {isa = PBXBuildFile; fileRef = 093A1C362244EE4600D276DA /* UIAppExtension.swift */; };
		093A1C392244F32700D276DA /* VKApiWorker.swift in Sources */ = {isa = PBXBuildFile; fileRef = 093A1C382244F32700D276DA /* VKApiWorker.swift */; };
		093A1C3D2244F66600D276DA /* VKPost.swift in Sources */ = {isa = PBXBuildFile; fileRef = 093A1C3C2244F66600D276DA /* VKPost.swift */; };
		09D42EF3224426A8006B0B3D /* GoogleService-Info.plist in Resources */ = {isa = PBXBuildFile; fileRef = 09D42EF2224426A8006B0B3D /* GoogleService-Info.plist */; };
		843E950F22206BB10016242F /* ViewController.swift in Sources */ = {isa = PBXBuildFile; fileRef = 843E950E22206BB10016242F /* ViewController.swift */; };
		843E951A22206BE70016242F /* Assets.xcassets in Resources */ = {isa = PBXBuildFile; fileRef = 843E951322206BE70016242F /* Assets.xcassets */; };
		843E951B22206BE70016242F /* LaunchScreen.storyboard in Resources */ = {isa = PBXBuildFile; fileRef = 843E951422206BE70016242F /* LaunchScreen.storyboard */; };
		843E951C22206BE70016242F /* Main.storyboard in Resources */ = {isa = PBXBuildFile; fileRef = 843E951622206BE70016242F /* Main.storyboard */; };
		843E951D22206BE70016242F /* AppDelegate.swift in Sources */ = {isa = PBXBuildFile; fileRef = 843E951822206BE70016242F /* AppDelegate.swift */; };
		84FB75DE2243A3F6000A35F1 /* VKDelegate.swift in Sources */ = {isa = PBXBuildFile; fileRef = 84FB75DD2243A3F6000A35F1 /* VKDelegate.swift */; };
		D8FCBD5666FBD7C7DF64DAB1 /* Pods_UFeed.framework in Frameworks */ = {isa = PBXBuildFile; fileRef = 0E2414C977387E017A8CF82E /* Pods_UFeed.framework */; };
/* End PBXBuildFile section */

/* Begin PBXFileReference section */
		093A1C362244EE4600D276DA /* UIAppExtension.swift */ = {isa = PBXFileReference; lastKnownFileType = sourcecode.swift; name = UIAppExtension.swift; path = UFeed/UIAppExtension.swift; sourceTree = SOURCE_ROOT; };
		093A1C382244F32700D276DA /* VKApiWorker.swift */ = {isa = PBXFileReference; lastKnownFileType = sourcecode.swift; path = VKApiWorker.swift; sourceTree = "<group>"; };
		093A1C3C2244F66600D276DA /* VKPost.swift */ = {isa = PBXFileReference; lastKnownFileType = sourcecode.swift; path = VKPost.swift; sourceTree = "<group>"; };
		09D42EF2224426A8006B0B3D /* GoogleService-Info.plist */ = {isa = PBXFileReference; fileEncoding = 4; lastKnownFileType = text.plist.xml; path = "GoogleService-Info.plist"; sourceTree = "<group>"; };
		0E2414C977387E017A8CF82E /* Pods_UFeed.framework */ = {isa = PBXFileReference; explicitFileType = wrapper.framework; includeInIndex = 0; path = Pods_UFeed.framework; sourceTree = BUILT_PRODUCTS_DIR; };
		31157A1D50A527C3FE29DA49 /* Pods-UFeed.debug.xcconfig */ = {isa = PBXFileReference; includeInIndex = 1; lastKnownFileType = text.xcconfig; name = "Pods-UFeed.debug.xcconfig"; path = "Target Support Files/Pods-UFeed/Pods-UFeed.debug.xcconfig"; sourceTree = "<group>"; };
		843E94F722205CF90016242F /* UFeed.app */ = {isa = PBXFileReference; explicitFileType = wrapper.application; includeInIndex = 0; path = UFeed.app; sourceTree = BUILT_PRODUCTS_DIR; };
		843E950E22206BB10016242F /* ViewController.swift */ = {isa = PBXFileReference; fileEncoding = 4; lastKnownFileType = sourcecode.swift; path = ViewController.swift; sourceTree = "<group>"; };
		843E951322206BE70016242F /* Assets.xcassets */ = {isa = PBXFileReference; lastKnownFileType = folder.assetcatalog; path = Assets.xcassets; sourceTree = "<group>"; };
		843E951522206BE70016242F /* Base */ = {isa = PBXFileReference; lastKnownFileType = file.storyboard; name = Base; path = Base.lproj/LaunchScreen.storyboard; sourceTree = "<group>"; };
		843E951722206BE70016242F /* Base */ = {isa = PBXFileReference; lastKnownFileType = file.storyboard; name = Base; path = Base.lproj/Main.storyboard; sourceTree = "<group>"; };
		843E951822206BE70016242F /* AppDelegate.swift */ = {isa = PBXFileReference; fileEncoding = 4; lastKnownFileType = sourcecode.swift; path = AppDelegate.swift; sourceTree = "<group>"; };
		843E951922206BE70016242F /* Info.plist */ = {isa = PBXFileReference; fileEncoding = 4; lastKnownFileType = text.plist.xml; path = Info.plist; sourceTree = "<group>"; };
		84FB75DD2243A3F6000A35F1 /* VKDelegate.swift */ = {isa = PBXFileReference; lastKnownFileType = sourcecode.swift; path = VKDelegate.swift; sourceTree = "<group>"; };
		FBA6ABE7BBFED8E1F4F51417 /* Pods-UFeed.release.xcconfig */ = {isa = PBXFileReference; includeInIndex = 1; lastKnownFileType = text.xcconfig; name = "Pods-UFeed.release.xcconfig"; path = "Target Support Files/Pods-UFeed/Pods-UFeed.release.xcconfig"; sourceTree = "<group>"; };
/* End PBXFileReference section */

/* Begin PBXFrameworksBuildPhase section */
		843E94F422205CF90016242F /* Frameworks */ = {
			isa = PBXFrameworksBuildPhase;
			buildActionMask = 2147483647;
			files = (
				D8FCBD5666FBD7C7DF64DAB1 /* Pods_UFeed.framework in Frameworks */,
			);
			runOnlyForDeploymentPostprocessing = 0;
		};
/* End PBXFrameworksBuildPhase section */

/* Begin PBXGroup section */
		093A1C3A2244F56500D276DA /* VK */ = {
			isa = PBXGroup;
			children = (
				093A1C3B2244F63E00D276DA /* Entity */,
				093A1C382244F32700D276DA /* VKApiWorker.swift */,
				84FB75DD2243A3F6000A35F1 /* VKDelegate.swift */,
			);
			path = VK;
			sourceTree = "<group>";
		};
		093A1C3B2244F63E00D276DA /* Entity */ = {
			isa = PBXGroup;
			children = (
				093A1C3C2244F66600D276DA /* VKPost.swift */,
			);
			path = Entity;
			sourceTree = "<group>";
		};
		73044C9D1B139AA9A78752A8 /* Pods */ = {
			isa = PBXGroup;
			children = (
				31157A1D50A527C3FE29DA49 /* Pods-UFeed.debug.xcconfig */,
				FBA6ABE7BBFED8E1F4F51417 /* Pods-UFeed.release.xcconfig */,
			);
			path = Pods;
			sourceTree = "<group>";
		};
		843E94EE22205CF90016242F = {
			isa = PBXGroup;
			children = (
				843E94F922205CF90016242F /* UFeed */,
				73044C9D1B139AA9A78752A8 /* Pods */,
				CB2A17EF02523CFD474BE32D /* Frameworks */,
			);
			sourceTree = "<group>";
		};
		843E94F822205CF90016242F /* Products */ = {
			isa = PBXGroup;
			children = (
				843E94F722205CF90016242F /* UFeed.app */,
			);
			name = Products;
			path = ../..;
			sourceTree = "<group>";
		};
		843E94F922205CF90016242F /* UFeed */ = {
			isa = PBXGroup;
			children = (
				843E951222206BE70016242F /* SupportFiles */,
				843E951122206BDF0016242F /* View */,
				843E951022206BD20016242F /* Model */,
				843E950D22206BB10016242F /* Controller */,
			);
			path = UFeed;
			sourceTree = "<group>";
		};
		843E950D22206BB10016242F /* Controller */ = {
			isa = PBXGroup;
			children = (
				843E950E22206BB10016242F /* ViewController.swift */,
				843E94F822205CF90016242F /* Products */,
			);
			path = Controller;
			sourceTree = "<group>";
		};
		843E951022206BD20016242F /* Model */ = {
			isa = PBXGroup;
			children = (
				093A1C3A2244F56500D276DA /* VK */,
				093A1C362244EE4600D276DA /* UIAppExtension.swift */,
			);
			path = Model;
			sourceTree = "<group>";
		};
		843E951122206BDF0016242F /* View */ = {
			isa = PBXGroup;
			children = (
			);
			path = View;
			sourceTree = "<group>";
		};
		843E951222206BE70016242F /* SupportFiles */ = {
			isa = PBXGroup;
			children = (
				09D42EF2224426A8006B0B3D /* GoogleService-Info.plist */,
				843E951322206BE70016242F /* Assets.xcassets */,
				843E951422206BE70016242F /* LaunchScreen.storyboard */,
				843E951622206BE70016242F /* Main.storyboard */,
				843E951822206BE70016242F /* AppDelegate.swift */,
				843E951922206BE70016242F /* Info.plist */,
			);
			path = SupportFiles;
			sourceTree = "<group>";
		};
		CB2A17EF02523CFD474BE32D /* Frameworks */ = {
			isa = PBXGroup;
			children = (
				0E2414C977387E017A8CF82E /* Pods_UFeed.framework */,
			);
			name = Frameworks;
			sourceTree = "<group>";
		};
/* End PBXGroup section */

/* Begin PBXNativeTarget section */
		843E94F622205CF90016242F /* UFeed */ = {
			isa = PBXNativeTarget;
			buildConfigurationList = 843E950922205CFE0016242F /* Build configuration list for PBXNativeTarget "UFeed" */;
			buildPhases = (
				E14315756C3FCABAE6F6D0AD /* [CP] Check Pods Manifest.lock */,
				843E94F322205CF90016242F /* Sources */,
				843E94F422205CF90016242F /* Frameworks */,
				843E94F522205CF90016242F /* Resources */,
				2CE76347AF1526DEDAB5DB41 /* [CP] Embed Pods Frameworks */,
			);
			buildRules = (
			);
			dependencies = (
			);
			name = UFeed;
			productName = UFeed;
			productReference = 843E94F722205CF90016242F /* UFeed.app */;
			productType = "com.apple.product-type.application";
		};
/* End PBXNativeTarget section */

/* Begin PBXProject section */
		843E94EF22205CF90016242F /* Project object */ = {
			isa = PBXProject;
			attributes = {
				LastSwiftUpdateCheck = 1010;
				LastUpgradeCheck = 1010;
				ORGANIZATIONNAME = Admin;
				TargetAttributes = {
					843E94F622205CF90016242F = {
						CreatedOnToolsVersion = 10.1;
					};
				};
			};
			buildConfigurationList = 843E94F222205CF90016242F /* Build configuration list for PBXProject "UFeed" */;
			compatibilityVersion = "Xcode 9.3";
			developmentRegion = en;
			hasScannedForEncodings = 0;
			knownRegions = (
				en,
				Base,
			);
			mainGroup = 843E94EE22205CF90016242F;
			productRefGroup = 843E94F822205CF90016242F /* Products */;
			projectDirPath = "";
			projectRoot = "";
			targets = (
				843E94F622205CF90016242F /* UFeed */,
			);
		};
/* End PBXProject section */

/* Begin PBXResourcesBuildPhase section */
		843E94F522205CF90016242F /* Resources */ = {
			isa = PBXResourcesBuildPhase;
			buildActionMask = 2147483647;
			files = (
				843E951A22206BE70016242F /* Assets.xcassets in Resources */,
				843E951C22206BE70016242F /* Main.storyboard in Resources */,
				09D42EF3224426A8006B0B3D /* GoogleService-Info.plist in Resources */,
				843E951B22206BE70016242F /* LaunchScreen.storyboard in Resources */,
			);
			runOnlyForDeploymentPostprocessing = 0;
		};
/* End PBXResourcesBuildPhase section */

/* Begin PBXShellScriptBuildPhase section */
		2CE76347AF1526DEDAB5DB41 /* [CP] Embed Pods Frameworks */ = {
			isa = PBXShellScriptBuildPhase;
			buildActionMask = 2147483647;
			files = (
			);
			inputFileListPaths = (
			);
			inputPaths = (
				"${PODS_ROOT}/Target Support Files/Pods-UFeed/Pods-UFeed-frameworks.sh",
				"${BUILT_PRODUCTS_DIR}/Bolts/Bolts.framework",
				"${BUILT_PRODUCTS_DIR}/FBSDKCoreKit/FBSDKCoreKit.framework",
				"${BUILT_PRODUCTS_DIR}/FBSDKLoginKit/FBSDKLoginKit.framework",
				"${BUILT_PRODUCTS_DIR}/FBSDKShareKit/FBSDKShareKit.framework",
				"${BUILT_PRODUCTS_DIR}/FacebookCore/FacebookCore.framework",
				"${BUILT_PRODUCTS_DIR}/FacebookLogin/FacebookLogin.framework",
				"${BUILT_PRODUCTS_DIR}/FacebookShare/FacebookShare.framework",
				"${BUILT_PRODUCTS_DIR}/ModelMapper/Mapper.framework",
				"${BUILT_PRODUCTS_DIR}/VK-ios-sdk/VK_ios_sdk.framework",
			);
			name = "[CP] Embed Pods Frameworks";
			outputFileListPaths = (
			);
			outputPaths = (
				"${TARGET_BUILD_DIR}/${FRAMEWORKS_FOLDER_PATH}/Bolts.framework",
				"${TARGET_BUILD_DIR}/${FRAMEWORKS_FOLDER_PATH}/FBSDKCoreKit.framework",
				"${TARGET_BUILD_DIR}/${FRAMEWORKS_FOLDER_PATH}/FBSDKLoginKit.framework",
				"${TARGET_BUILD_DIR}/${FRAMEWORKS_FOLDER_PATH}/FBSDKShareKit.framework",
				"${TARGET_BUILD_DIR}/${FRAMEWORKS_FOLDER_PATH}/FacebookCore.framework",
				"${TARGET_BUILD_DIR}/${FRAMEWORKS_FOLDER_PATH}/FacebookLogin.framework",
				"${TARGET_BUILD_DIR}/${FRAMEWORKS_FOLDER_PATH}/FacebookShare.framework",
				"${TARGET_BUILD_DIR}/${FRAMEWORKS_FOLDER_PATH}/Mapper.framework",
				"${TARGET_BUILD_DIR}/${FRAMEWORKS_FOLDER_PATH}/VK_ios_sdk.framework",
			);
			runOnlyForDeploymentPostprocessing = 0;
			shellPath = /bin/sh;
			shellScript = "\"${PODS_ROOT}/Target Support Files/Pods-UFeed/Pods-UFeed-frameworks.sh\"\n";
			showEnvVarsInLog = 0;
		};
		E14315756C3FCABAE6F6D0AD /* [CP] Check Pods Manifest.lock */ = {
			isa = PBXShellScriptBuildPhase;
			buildActionMask = 2147483647;
			files = (
			);
			inputFileListPaths = (
			);
			inputPaths = (
				"${PODS_PODFILE_DIR_PATH}/Podfile.lock",
				"${PODS_ROOT}/Manifest.lock",
			);
			name = "[CP] Check Pods Manifest.lock";
			outputFileListPaths = (
			);
			outputPaths = (
				"$(DERIVED_FILE_DIR)/Pods-UFeed-checkManifestLockResult.txt",
			);
			runOnlyForDeploymentPostprocessing = 0;
			shellPath = /bin/sh;
			shellScript = "diff \"${PODS_PODFILE_DIR_PATH}/Podfile.lock\" \"${PODS_ROOT}/Manifest.lock\" > /dev/null\nif [ $? != 0 ] ; then\n    # print error to STDERR\n    echo \"error: The sandbox is not in sync with the Podfile.lock. Run 'pod install' or update your CocoaPods installation.\" >&2\n    exit 1\nfi\n# This output is used by Xcode 'outputs' to avoid re-running this script phase.\necho \"SUCCESS\" > \"${SCRIPT_OUTPUT_FILE_0}\"\n";
			showEnvVarsInLog = 0;
		};
/* End PBXShellScriptBuildPhase section */

/* Begin PBXSourcesBuildPhase section */
		843E94F322205CF90016242F /* Sources */ = {
			isa = PBXSourcesBuildPhase;
			buildActionMask = 2147483647;
			files = (
				843E951D22206BE70016242F /* AppDelegate.swift in Sources */,
				843E950F22206BB10016242F /* ViewController.swift in Sources */,
				093A1C392244F32700D276DA /* VKApiWorker.swift in Sources */,
				84FB75DE2243A3F6000A35F1 /* VKDelegate.swift in Sources */,
				093A1C3D2244F66600D276DA /* VKPost.swift in Sources */,
				093A1C372244EE4600D276DA /* UIAppExtension.swift in Sources */,
			);
			runOnlyForDeploymentPostprocessing = 0;
		};
/* End PBXSourcesBuildPhase section */

/* Begin PBXVariantGroup section */
		843E951422206BE70016242F /* LaunchScreen.storyboard */ = {
			isa = PBXVariantGroup;
			children = (
				843E951522206BE70016242F /* Base */,
			);
			name = LaunchScreen.storyboard;
			sourceTree = "<group>";
		};
		843E951622206BE70016242F /* Main.storyboard */ = {
			isa = PBXVariantGroup;
			children = (
				843E951722206BE70016242F /* Base */,
			);
			name = Main.storyboard;
			sourceTree = "<group>";
		};
/* End PBXVariantGroup section */

/* Begin XCBuildConfiguration section */
		843E950722205CFE0016242F /* Debug */ = {
			isa = XCBuildConfiguration;
			buildSettings = {
				ALWAYS_SEARCH_USER_PATHS = NO;
				CLANG_ANALYZER_NONNULL = YES;
				CLANG_ANALYZER_NUMBER_OBJECT_CONVERSION = YES_AGGRESSIVE;
				CLANG_CXX_LANGUAGE_STANDARD = "gnu++14";
				CLANG_CXX_LIBRARY = "libc++";
				CLANG_ENABLE_MODULES = YES;
				CLANG_ENABLE_OBJC_ARC = YES;
				CLANG_ENABLE_OBJC_WEAK = YES;
				CLANG_WARN_BLOCK_CAPTURE_AUTORELEASING = YES;
				CLANG_WARN_BOOL_CONVERSION = YES;
				CLANG_WARN_COMMA = YES;
				CLANG_WARN_CONSTANT_CONVERSION = YES;
				CLANG_WARN_DEPRECATED_OBJC_IMPLEMENTATIONS = YES;
				CLANG_WARN_DIRECT_OBJC_ISA_USAGE = YES_ERROR;
				CLANG_WARN_DOCUMENTATION_COMMENTS = YES;
				CLANG_WARN_EMPTY_BODY = YES;
				CLANG_WARN_ENUM_CONVERSION = YES;
				CLANG_WARN_INFINITE_RECURSION = YES;
				CLANG_WARN_INT_CONVERSION = YES;
				CLANG_WARN_NON_LITERAL_NULL_CONVERSION = YES;
				CLANG_WARN_OBJC_IMPLICIT_RETAIN_SELF = YES;
				CLANG_WARN_OBJC_LITERAL_CONVERSION = YES;
				CLANG_WARN_OBJC_ROOT_CLASS = YES_ERROR;
				CLANG_WARN_RANGE_LOOP_ANALYSIS = YES;
				CLANG_WARN_STRICT_PROTOTYPES = YES;
				CLANG_WARN_SUSPICIOUS_MOVE = YES;
				CLANG_WARN_UNGUARDED_AVAILABILITY = YES_AGGRESSIVE;
				CLANG_WARN_UNREACHABLE_CODE = YES;
				CLANG_WARN__DUPLICATE_METHOD_MATCH = YES;
				CODE_SIGN_IDENTITY = "iPhone Developer";
				COPY_PHASE_STRIP = NO;
				DEBUG_INFORMATION_FORMAT = dwarf;
				ENABLE_STRICT_OBJC_MSGSEND = YES;
				ENABLE_TESTABILITY = YES;
				GCC_C_LANGUAGE_STANDARD = gnu11;
				GCC_DYNAMIC_NO_PIC = NO;
				GCC_NO_COMMON_BLOCKS = YES;
				GCC_OPTIMIZATION_LEVEL = 0;
				GCC_PREPROCESSOR_DEFINITIONS = (
					"DEBUG=1",
					"$(inherited)",
				);
				GCC_WARN_64_TO_32_BIT_CONVERSION = YES;
				GCC_WARN_ABOUT_RETURN_TYPE = YES_ERROR;
				GCC_WARN_UNDECLARED_SELECTOR = YES;
				GCC_WARN_UNINITIALIZED_AUTOS = YES_AGGRESSIVE;
				GCC_WARN_UNUSED_FUNCTION = YES;
				GCC_WARN_UNUSED_VARIABLE = YES;
				IPHONEOS_DEPLOYMENT_TARGET = 12.1;
				MTL_ENABLE_DEBUG_INFO = INCLUDE_SOURCE;
				MTL_FAST_MATH = YES;
				ONLY_ACTIVE_ARCH = YES;
				SDKROOT = iphoneos;
				SWIFT_ACTIVE_COMPILATION_CONDITIONS = DEBUG;
				SWIFT_OPTIMIZATION_LEVEL = "-Onone";
			};
			name = Debug;
		};
		843E950822205CFE0016242F /* Release */ = {
			isa = XCBuildConfiguration;
			buildSettings = {
				ALWAYS_SEARCH_USER_PATHS = NO;
				CLANG_ANALYZER_NONNULL = YES;
				CLANG_ANALYZER_NUMBER_OBJECT_CONVERSION = YES_AGGRESSIVE;
				CLANG_CXX_LANGUAGE_STANDARD = "gnu++14";
				CLANG_CXX_LIBRARY = "libc++";
				CLANG_ENABLE_MODULES = YES;
				CLANG_ENABLE_OBJC_ARC = YES;
				CLANG_ENABLE_OBJC_WEAK = YES;
				CLANG_WARN_BLOCK_CAPTURE_AUTORELEASING = YES;
				CLANG_WARN_BOOL_CONVERSION = YES;
				CLANG_WARN_COMMA = YES;
				CLANG_WARN_CONSTANT_CONVERSION = YES;
				CLANG_WARN_DEPRECATED_OBJC_IMPLEMENTATIONS = YES;
				CLANG_WARN_DIRECT_OBJC_ISA_USAGE = YES_ERROR;
				CLANG_WARN_DOCUMENTATION_COMMENTS = YES;
				CLANG_WARN_EMPTY_BODY = YES;
				CLANG_WARN_ENUM_CONVERSION = YES;
				CLANG_WARN_INFINITE_RECURSION = YES;
				CLANG_WARN_INT_CONVERSION = YES;
				CLANG_WARN_NON_LITERAL_NULL_CONVERSION = YES;
				CLANG_WARN_OBJC_IMPLICIT_RETAIN_SELF = YES;
				CLANG_WARN_OBJC_LITERAL_CONVERSION = YES;
				CLANG_WARN_OBJC_ROOT_CLASS = YES_ERROR;
				CLANG_WARN_RANGE_LOOP_ANALYSIS = YES;
				CLANG_WARN_STRICT_PROTOTYPES = YES;
				CLANG_WARN_SUSPICIOUS_MOVE = YES;
				CLANG_WARN_UNGUARDED_AVAILABILITY = YES_AGGRESSIVE;
				CLANG_WARN_UNREACHABLE_CODE = YES;
				CLANG_WARN__DUPLICATE_METHOD_MATCH = YES;
				CODE_SIGN_IDENTITY = "iPhone Developer";
				COPY_PHASE_STRIP = NO;
				DEBUG_INFORMATION_FORMAT = "dwarf-with-dsym";
				ENABLE_NS_ASSERTIONS = NO;
				ENABLE_STRICT_OBJC_MSGSEND = YES;
				GCC_C_LANGUAGE_STANDARD = gnu11;
				GCC_NO_COMMON_BLOCKS = YES;
				GCC_WARN_64_TO_32_BIT_CONVERSION = YES;
				GCC_WARN_ABOUT_RETURN_TYPE = YES_ERROR;
				GCC_WARN_UNDECLARED_SELECTOR = YES;
				GCC_WARN_UNINITIALIZED_AUTOS = YES_AGGRESSIVE;
				GCC_WARN_UNUSED_FUNCTION = YES;
				GCC_WARN_UNUSED_VARIABLE = YES;
				IPHONEOS_DEPLOYMENT_TARGET = 12.1;
				MTL_ENABLE_DEBUG_INFO = NO;
				MTL_FAST_MATH = YES;
				SDKROOT = iphoneos;
				SWIFT_COMPILATION_MODE = wholemodule;
				SWIFT_OPTIMIZATION_LEVEL = "-O";
				VALIDATE_PRODUCT = YES;
			};
			name = Release;
		};
		843E950A22205CFE0016242F /* Debug */ = {
			isa = XCBuildConfiguration;
			baseConfigurationReference = 31157A1D50A527C3FE29DA49 /* Pods-UFeed.debug.xcconfig */;
			buildSettings = {
				ASSETCATALOG_COMPILER_APPICON_NAME = AppIcon;
				CODE_SIGN_STYLE = Automatic;
				DEVELOPMENT_TEAM = D9U8B2UP79;
				INFOPLIST_FILE = "$(SRCROOT)/UFeed/SupportFiles/Info.plist";
				LD_RUNPATH_SEARCH_PATHS = (
					"$(inherited)",
					"@executable_path/Frameworks",
				);
				PRODUCT_BUNDLE_IDENTIFIER = "com.darya-eli.UFeed";
				PRODUCT_NAME = "$(TARGET_NAME)";
				SWIFT_VERSION = 4.2;
				TARGETED_DEVICE_FAMILY = "1,2";
			};
			name = Debug;
		};
		843E950B22205CFE0016242F /* Release */ = {
			isa = XCBuildConfiguration;
			baseConfigurationReference = FBA6ABE7BBFED8E1F4F51417 /* Pods-UFeed.release.xcconfig */;
			buildSettings = {
				ASSETCATALOG_COMPILER_APPICON_NAME = AppIcon;
				CODE_SIGN_STYLE = Automatic;
				DEVELOPMENT_TEAM = D9U8B2UP79;
				INFOPLIST_FILE = "$(SRCROOT)/UFeed/SupportFiles/Info.plist";
				LD_RUNPATH_SEARCH_PATHS = (
					"$(inherited)",
					"@executable_path/Frameworks",
				);
				PRODUCT_BUNDLE_IDENTIFIER = "com.darya-eli.UFeed";
				PRODUCT_NAME = "$(TARGET_NAME)";
				SWIFT_VERSION = 4.2;
				TARGETED_DEVICE_FAMILY = "1,2";
			};
			name = Release;
		};
/* End XCBuildConfiguration section */

/* Begin XCConfigurationList section */
		843E94F222205CF90016242F /* Build configuration list for PBXProject "UFeed" */ = {
			isa = XCConfigurationList;
			buildConfigurations = (
				843E950722205CFE0016242F /* Debug */,
				843E950822205CFE0016242F /* Release */,
			);
			defaultConfigurationIsVisible = 0;
			defaultConfigurationName = Release;
		};
		843E950922205CFE0016242F /* Build configuration list for PBXNativeTarget "UFeed" */ = {
			isa = XCConfigurationList;
			buildConfigurations = (
				843E950A22205CFE0016242F /* Debug */,
				843E950B22205CFE0016242F /* Release */,
			);
			defaultConfigurationIsVisible = 0;
			defaultConfigurationName = Release;
		};
/* End XCConfigurationList section */
	};
	rootObject = 843E94EF22205CF90016242F /* Project object */;
}
