// !$*UTF8*$!
{
	archiveVersion = 1;
	classes = {
	};
	objectVersion = 50;
	objects = {

/* Begin PBXBuildFile section */
		0903E2F02275A4F2000C9A5B /* FacebookDelegate.swift in Sources */ = {isa = PBXBuildFile; fileRef = 0903E2EF2275A4F2000C9A5B /* FacebookDelegate.swift */; };
		0903E2F22275A519000C9A5B /* FacebookApiClient.swift in Sources */ = {isa = PBXBuildFile; fileRef = 0903E2F12275A519000C9A5B /* FacebookApiClient.swift */; };
		0903E2F422771110000C9A5B /* Page.swift in Sources */ = {isa = PBXBuildFile; fileRef = 0903E2F322771110000C9A5B /* Page.swift */; };
		0903E2F72277119F000C9A5B /* FacebookPage.swift in Sources */ = {isa = PBXBuildFile; fileRef = 0903E2F62277119F000C9A5B /* FacebookPage.swift */; };
		0903E2FA227715D7000C9A5B /* FacebookAttachments.swift in Sources */ = {isa = PBXBuildFile; fileRef = 0903E2F9227715D7000C9A5B /* FacebookAttachments.swift */; };
		0903E2FE22771D5D000C9A5B /* PageTableViewCell.swift in Sources */ = {isa = PBXBuildFile; fileRef = 0903E2FD22771D5D000C9A5B /* PageTableViewCell.swift */; };
		0903E30022773221000C9A5B /* FacebookPost.swift in Sources */ = {isa = PBXBuildFile; fileRef = 0903E2FF22773221000C9A5B /* FacebookPost.swift */; };
		0939372922738BF800394769 /* VkSettingsViewController.swift in Sources */ = {isa = PBXBuildFile; fileRef = 0939372822738BF800394769 /* VkSettingsViewController.swift */; };
		0939372B22738C0E00394769 /* TwitterSettingsViewController.swift in Sources */ = {isa = PBXBuildFile; fileRef = 0939372A22738C0E00394769 /* TwitterSettingsViewController.swift */; };
		0939372D22738C1B00394769 /* FacebookSettingsViewController.swift in Sources */ = {isa = PBXBuildFile; fileRef = 0939372C22738C1B00394769 /* FacebookSettingsViewController.swift */; };
		0939372F22738C2900394769 /* InstagramSettingsViewController.swift in Sources */ = {isa = PBXBuildFile; fileRef = 0939372E22738C2900394769 /* InstagramSettingsViewController.swift */; };
		09393731227392EA00394769 /* SettingsViewController.swift in Sources */ = {isa = PBXBuildFile; fileRef = 09393730227392EA00394769 /* SettingsViewController.swift */; };
		093BFA63224E4F67003AA08C /* PostAudioView.swift in Sources */ = {isa = PBXBuildFile; fileRef = 093BFA62224E4F67003AA08C /* PostAudioView.swift */; };
		093DE78B224A46F2003B7689 /* SingleMediaPlayer.swift in Sources */ = {isa = PBXBuildFile; fileRef = 093DE78A224A46F2003B7689 /* SingleMediaPlayer.swift */; };
		09433CBA22482BC800352CAC /* Extension.swift in Sources */ = {isa = PBXBuildFile; fileRef = 09433CB922482BC800352CAC /* Extension.swift */; };
		09433CBC22482CE100352CAC /* PostTableViewCell.swift in Sources */ = {isa = PBXBuildFile; fileRef = 09433CBB22482CE100352CAC /* PostTableViewCell.swift */; };
		09433CBE2248C4BC00352CAC /* PostHeaderView.swift in Sources */ = {isa = PBXBuildFile; fileRef = 09433CBD2248C4BC00352CAC /* PostHeaderView.swift */; };
		09433CC222490A1900352CAC /* PostFileView.swift in Sources */ = {isa = PBXBuildFile; fileRef = 09433CC122490A1900352CAC /* PostFileView.swift */; };
		094F948822524011008A1B47 /* VKPostMapper.swift in Sources */ = {isa = PBXBuildFile; fileRef = 094F947B22524011008A1B47 /* VKPostMapper.swift */; };
		094F948922524011008A1B47 /* VKPost.swift in Sources */ = {isa = PBXBuildFile; fileRef = 094F947D22524011008A1B47 /* VKPost.swift */; };
		094F948A22524011008A1B47 /* VKAttachments.swift in Sources */ = {isa = PBXBuildFile; fileRef = 094F947F22524011008A1B47 /* VKAttachments.swift */; };
		094F948B22524011008A1B47 /* VKAttachmentFactory.swift in Sources */ = {isa = PBXBuildFile; fileRef = 094F948022524011008A1B47 /* VKAttachmentFactory.swift */; };
		094F948C22524011008A1B47 /* VKDelegate.swift in Sources */ = {isa = PBXBuildFile; fileRef = 094F948122524011008A1B47 /* VKDelegate.swift */; };
		094F948D22524011008A1B47 /* VKApiClient.swift in Sources */ = {isa = PBXBuildFile; fileRef = 094F948222524011008A1B47 /* VKApiClient.swift */; };
		094F948E22524011008A1B47 /* AttachmentFactory.swift in Sources */ = {isa = PBXBuildFile; fileRef = 094F948422524011008A1B47 /* AttachmentFactory.swift */; };
		094F948F22524011008A1B47 /* Post.swift in Sources */ = {isa = PBXBuildFile; fileRef = 094F948522524011008A1B47 /* Post.swift */; };
		094F949022524011008A1B47 /* Attachments.swift in Sources */ = {isa = PBXBuildFile; fileRef = 094F948622524011008A1B47 /* Attachments.swift */; };
		094F9493225345D6008A1B47 /* DateUtility.swift in Sources */ = {isa = PBXBuildFile; fileRef = 094F9492225345D6008A1B47 /* DateUtility.swift */; };
		094F949722536E43008A1B47 /* PostViewModel.swift in Sources */ = {isa = PBXBuildFile; fileRef = 094F949622536E43008A1B47 /* PostViewModel.swift */; };
		094F94992253751B008A1B47 /* Result.swift in Sources */ = {isa = PBXBuildFile; fileRef = 094F94982253751B008A1B47 /* Result.swift */; };
		094F949B22537521008A1B47 /* DataResponseError.swift in Sources */ = {isa = PBXBuildFile; fileRef = 094F949A22537520008A1B47 /* DataResponseError.swift */; };
		094F949D2253752B008A1B47 /* PagedResponse.swift in Sources */ = {isa = PBXBuildFile; fileRef = 094F949C2253752B008A1B47 /* PagedResponse.swift */; };
		094F949F2253766C008A1B47 /* ApiClient.swift in Sources */ = {isa = PBXBuildFile; fileRef = 094F949E2253766C008A1B47 /* ApiClient.swift */; };
		094F94A32254AC87008A1B47 /* PostVideoView.swift in Sources */ = {isa = PBXBuildFile; fileRef = 094F94A22254AC87008A1B47 /* PostVideoView.swift */; };
		0951D3162277AE44004E8F91 /* Settings.swift in Sources */ = {isa = PBXBuildFile; fileRef = 0951D3152277AE44004E8F91 /* Settings.swift */; };
		098FBA832278421200F2E737 /* FacebookSettings.swift in Sources */ = {isa = PBXBuildFile; fileRef = 098FBA822278421200F2E737 /* FacebookSettings.swift */; };
		098FBA8622784DBD00F2E737 /* SettingsManager.swift in Sources */ = {isa = PBXBuildFile; fileRef = 098FBA8522784DBD00F2E737 /* SettingsManager.swift */; };
		098FBA882278E55900F2E737 /* FacebookAttachmentFactory.swift in Sources */ = {isa = PBXBuildFile; fileRef = 098FBA872278E55900F2E737 /* FacebookAttachmentFactory.swift */; };
		098FBA8B227AC91C00F2E737 /* InstagramDelegate.swift in Sources */ = {isa = PBXBuildFile; fileRef = 098FBA8A227AC91C00F2E737 /* InstagramDelegate.swift */; };
		098FBA8D227AD80D00F2E737 /* InstagramApiClient.swift in Sources */ = {isa = PBXBuildFile; fileRef = 098FBA8C227AD80D00F2E737 /* InstagramApiClient.swift */; };
		098FBA90227ADFB200F2E737 /* PageHeaderView.swift in Sources */ = {isa = PBXBuildFile; fileRef = 098FBA8F227ADFB200F2E737 /* PageHeaderView.swift */; };
		098FBA92227AE26300F2E737 /* InstagramPage.swift in Sources */ = {isa = PBXBuildFile; fileRef = 098FBA91227AE26300F2E737 /* InstagramPage.swift */; };
		098FBA95227AE30F00F2E737 /* InstagramAttachments.swift in Sources */ = {isa = PBXBuildFile; fileRef = 098FBA94227AE30F00F2E737 /* InstagramAttachments.swift */; };
		098FBA98227B22D900F2E737 /* SetupSocialViewCell.swift in Sources */ = {isa = PBXBuildFile; fileRef = 098FBA97227B22D900F2E737 /* SetupSocialViewCell.swift */; };
		098FBA9A227B2B4200F2E737 /* InstagramSettings.swift in Sources */ = {isa = PBXBuildFile; fileRef = 098FBA99227B2B4200F2E737 /* InstagramSettings.swift */; };
		098FBA9C227B5BD600F2E737 /* SearchHeaderView.swift in Sources */ = {isa = PBXBuildFile; fileRef = 098FBA9B227B5BD600F2E737 /* SearchHeaderView.swift */; };
		099506DD227CB33D00E99F6E /* InstagramPost.swift in Sources */ = {isa = PBXBuildFile; fileRef = 099506DC227CB33D00E99F6E /* InstagramPost.swift */; };
		099506DF227CCBA900E99F6E /* InstagramAttachmentFactory.swift in Sources */ = {isa = PBXBuildFile; fileRef = 099506DE227CCBA900E99F6E /* InstagramAttachmentFactory.swift */; };
		09B3131C226C73E4004E23F2 /* SwifteriOS.framework in Frameworks */ = {isa = PBXBuildFile; fileRef = 09B31317226C73BD004E23F2 /* SwifteriOS.framework */; };
		09B3131D226C73E4004E23F2 /* SwifteriOS.framework in Embed Frameworks */ = {isa = PBXBuildFile; fileRef = 09B31317226C73BD004E23F2 /* SwifteriOS.framework */; settings = {ATTRIBUTES = (CodeSignOnCopy, RemoveHeadersOnCopy, ); }; };
		09B31321226C751C004E23F2 /* TwitterDelegate.swift in Sources */ = {isa = PBXBuildFile; fileRef = 09B31320226C751C004E23F2 /* TwitterDelegate.swift */; };
		09B31323226C8A29004E23F2 /* TwitterApiClient.swift in Sources */ = {isa = PBXBuildFile; fileRef = 09B31322226C8A29004E23F2 /* TwitterApiClient.swift */; };
		09B31326226C9A4A004E23F2 /* TwitterPost.swift in Sources */ = {isa = PBXBuildFile; fileRef = 09B31325226C9A4A004E23F2 /* TwitterPost.swift */; };
		09B31329226DB9B3004E23F2 /* TwitterAttachmentFactory.swift in Sources */ = {isa = PBXBuildFile; fileRef = 09B31328226DB9B3004E23F2 /* TwitterAttachmentFactory.swift */; };
		09B3132B226DB9DE004E23F2 /* TwitterAttachments.swift in Sources */ = {isa = PBXBuildFile; fileRef = 09B3132A226DB9DE004E23F2 /* TwitterAttachments.swift */; };
		09B3132D226DE8CE004E23F2 /* ApiClientManager.swift in Sources */ = {isa = PBXBuildFile; fileRef = 09B3132C226DE8CE004E23F2 /* ApiClientManager.swift */; };
		09B3132F2270638D004E23F2 /* DictionaryExtension.swift in Sources */ = {isa = PBXBuildFile; fileRef = 09B3132E2270638D004E23F2 /* DictionaryExtension.swift */; };
		09B31333227072C0004E23F2 /* SocialManager.swift in Sources */ = {isa = PBXBuildFile; fileRef = 09B31332227072C0004E23F2 /* SocialManager.swift */; };
		09B313352270735C004E23F2 /* SocialDelegate.swift in Sources */ = {isa = PBXBuildFile; fileRef = 09B313342270735C004E23F2 /* SocialDelegate.swift */; };
		09B313372271A656004E23F2 /* MainTabBarController.swift in Sources */ = {isa = PBXBuildFile; fileRef = 09B313362271A656004E23F2 /* MainTabBarController.swift */; };
		09B3133922736B83004E23F2 /* SettingsMenuViewController.swift in Sources */ = {isa = PBXBuildFile; fileRef = 09B3133822736B83004E23F2 /* SettingsMenuViewController.swift */; };
		09B3133B227379BC004E23F2 /* SettingsNavigationViewController.swift in Sources */ = {isa = PBXBuildFile; fileRef = 09B3133A227379BC004E23F2 /* SettingsNavigationViewController.swift */; };
		09B3133E22737A96004E23F2 /* GeneralSettingsViewController.swift in Sources */ = {isa = PBXBuildFile; fileRef = 09B3133D22737A96004E23F2 /* GeneralSettingsViewController.swift */; };
		2458CDBD3D888E0F2C0D3E2E /* Pods_UFeed.framework in Frameworks */ = {isa = PBXBuildFile; fileRef = 5075C4F7C0721EF576EEAA20 /* Pods_UFeed.framework */; };
		843E951A22206BE70016242F /* Assets.xcassets in Resources */ = {isa = PBXBuildFile; fileRef = 843E951322206BE70016242F /* Assets.xcassets */; };
		843E951B22206BE70016242F /* LaunchScreen.storyboard in Resources */ = {isa = PBXBuildFile; fileRef = 843E951422206BE70016242F /* LaunchScreen.storyboard */; };
		843E951C22206BE70016242F /* Main.storyboard in Resources */ = {isa = PBXBuildFile; fileRef = 843E951622206BE70016242F /* Main.storyboard */; };
		843E951D22206BE70016242F /* AppDelegate.swift in Sources */ = {isa = PBXBuildFile; fileRef = 843E951822206BE70016242F /* AppDelegate.swift */; };
		84A140732250CF530063C31F /* SignInCollectionViewController.swift in Sources */ = {isa = PBXBuildFile; fileRef = 84A140712250CF530063C31F /* SignInCollectionViewController.swift */; };
		84A140742250CF530063C31F /* SignInCollectionViewController.xib in Resources */ = {isa = PBXBuildFile; fileRef = 84A140722250CF530063C31F /* SignInCollectionViewController.xib */; };
		84A140762250D11D0063C31F /* SignInCollectionViewCell.swift in Sources */ = {isa = PBXBuildFile; fileRef = 84A140752250D11D0063C31F /* SignInCollectionViewCell.swift */; };
		84CB460D2240225600CD4445 /* GoogleService-Info.plist in Resources */ = {isa = PBXBuildFile; fileRef = 84CB460C2240225600CD4445 /* GoogleService-Info.plist */; };
		84CB46112243A04500CD4445 /* FeedViewController.swift in Sources */ = {isa = PBXBuildFile; fileRef = 84CB46102243A04500CD4445 /* FeedViewController.swift */; };
/* End PBXBuildFile section */

/* Begin PBXCopyFilesBuildPhase section */
		09B3131E226C73E5004E23F2 /* Embed Frameworks */ = {
			isa = PBXCopyFilesBuildPhase;
			buildActionMask = 2147483647;
			dstPath = "";
			dstSubfolderSpec = 10;
			files = (
				09B3131D226C73E4004E23F2 /* SwifteriOS.framework in Embed Frameworks */,
			);
			name = "Embed Frameworks";
			runOnlyForDeploymentPostprocessing = 0;
		};
/* End PBXCopyFilesBuildPhase section */

/* Begin PBXFileReference section */
		0903E2EF2275A4F2000C9A5B /* FacebookDelegate.swift */ = {isa = PBXFileReference; lastKnownFileType = sourcecode.swift; path = FacebookDelegate.swift; sourceTree = "<group>"; };
		0903E2F12275A519000C9A5B /* FacebookApiClient.swift */ = {isa = PBXFileReference; lastKnownFileType = sourcecode.swift; path = FacebookApiClient.swift; sourceTree = "<group>"; };
		0903E2F322771110000C9A5B /* Page.swift */ = {isa = PBXFileReference; lastKnownFileType = sourcecode.swift; path = Page.swift; sourceTree = "<group>"; };
		0903E2F62277119F000C9A5B /* FacebookPage.swift */ = {isa = PBXFileReference; lastKnownFileType = sourcecode.swift; path = FacebookPage.swift; sourceTree = "<group>"; };
		0903E2F9227715D7000C9A5B /* FacebookAttachments.swift */ = {isa = PBXFileReference; lastKnownFileType = sourcecode.swift; path = FacebookAttachments.swift; sourceTree = "<group>"; };
		0903E2FD22771D5D000C9A5B /* PageTableViewCell.swift */ = {isa = PBXFileReference; lastKnownFileType = sourcecode.swift; path = PageTableViewCell.swift; sourceTree = "<group>"; };
		0903E2FF22773221000C9A5B /* FacebookPost.swift */ = {isa = PBXFileReference; lastKnownFileType = sourcecode.swift; path = FacebookPost.swift; sourceTree = "<group>"; };
		0939372822738BF800394769 /* VkSettingsViewController.swift */ = {isa = PBXFileReference; lastKnownFileType = sourcecode.swift; path = VkSettingsViewController.swift; sourceTree = "<group>"; };
		0939372A22738C0E00394769 /* TwitterSettingsViewController.swift */ = {isa = PBXFileReference; lastKnownFileType = sourcecode.swift; path = TwitterSettingsViewController.swift; sourceTree = "<group>"; };
		0939372C22738C1B00394769 /* FacebookSettingsViewController.swift */ = {isa = PBXFileReference; lastKnownFileType = sourcecode.swift; path = FacebookSettingsViewController.swift; sourceTree = "<group>"; };
		0939372E22738C2900394769 /* InstagramSettingsViewController.swift */ = {isa = PBXFileReference; lastKnownFileType = sourcecode.swift; path = InstagramSettingsViewController.swift; sourceTree = "<group>"; };
		09393730227392EA00394769 /* SettingsViewController.swift */ = {isa = PBXFileReference; lastKnownFileType = sourcecode.swift; path = SettingsViewController.swift; sourceTree = "<group>"; };
		093BFA62224E4F67003AA08C /* PostAudioView.swift */ = {isa = PBXFileReference; lastKnownFileType = sourcecode.swift; path = PostAudioView.swift; sourceTree = "<group>"; };
		093DE78A224A46F2003B7689 /* SingleMediaPlayer.swift */ = {isa = PBXFileReference; lastKnownFileType = sourcecode.swift; path = SingleMediaPlayer.swift; sourceTree = "<group>"; };
		09433CB922482BC800352CAC /* Extension.swift */ = {isa = PBXFileReference; lastKnownFileType = sourcecode.swift; path = Extension.swift; sourceTree = "<group>"; };
		09433CBB22482CE100352CAC /* PostTableViewCell.swift */ = {isa = PBXFileReference; lastKnownFileType = sourcecode.swift; path = PostTableViewCell.swift; sourceTree = "<group>"; };
		09433CBD2248C4BC00352CAC /* PostHeaderView.swift */ = {isa = PBXFileReference; lastKnownFileType = sourcecode.swift; path = PostHeaderView.swift; sourceTree = "<group>"; };
		09433CC122490A1900352CAC /* PostFileView.swift */ = {isa = PBXFileReference; lastKnownFileType = sourcecode.swift; path = PostFileView.swift; sourceTree = "<group>"; };
		094F947B22524011008A1B47 /* VKPostMapper.swift */ = {isa = PBXFileReference; fileEncoding = 4; lastKnownFileType = sourcecode.swift; path = VKPostMapper.swift; sourceTree = "<group>"; };
		094F947D22524011008A1B47 /* VKPost.swift */ = {isa = PBXFileReference; fileEncoding = 4; lastKnownFileType = sourcecode.swift; path = VKPost.swift; sourceTree = "<group>"; };
		094F947F22524011008A1B47 /* VKAttachments.swift */ = {isa = PBXFileReference; fileEncoding = 4; lastKnownFileType = sourcecode.swift; path = VKAttachments.swift; sourceTree = "<group>"; };
		094F948022524011008A1B47 /* VKAttachmentFactory.swift */ = {isa = PBXFileReference; fileEncoding = 4; lastKnownFileType = sourcecode.swift; path = VKAttachmentFactory.swift; sourceTree = "<group>"; };
		094F948122524011008A1B47 /* VKDelegate.swift */ = {isa = PBXFileReference; fileEncoding = 4; lastKnownFileType = sourcecode.swift; path = VKDelegate.swift; sourceTree = "<group>"; };
		094F948222524011008A1B47 /* VKApiClient.swift */ = {isa = PBXFileReference; fileEncoding = 4; lastKnownFileType = sourcecode.swift; path = VKApiClient.swift; sourceTree = "<group>"; };
		094F948422524011008A1B47 /* AttachmentFactory.swift */ = {isa = PBXFileReference; fileEncoding = 4; lastKnownFileType = sourcecode.swift; path = AttachmentFactory.swift; sourceTree = "<group>"; };
		094F948522524011008A1B47 /* Post.swift */ = {isa = PBXFileReference; fileEncoding = 4; lastKnownFileType = sourcecode.swift; path = Post.swift; sourceTree = "<group>"; };
		094F948622524011008A1B47 /* Attachments.swift */ = {isa = PBXFileReference; fileEncoding = 4; lastKnownFileType = sourcecode.swift; path = Attachments.swift; sourceTree = "<group>"; };
		094F9492225345D6008A1B47 /* DateUtility.swift */ = {isa = PBXFileReference; lastKnownFileType = sourcecode.swift; path = DateUtility.swift; sourceTree = "<group>"; };
		094F949622536E43008A1B47 /* PostViewModel.swift */ = {isa = PBXFileReference; lastKnownFileType = sourcecode.swift; path = PostViewModel.swift; sourceTree = "<group>"; };
		094F94982253751B008A1B47 /* Result.swift */ = {isa = PBXFileReference; fileEncoding = 4; lastKnownFileType = sourcecode.swift; path = Result.swift; sourceTree = "<group>"; };
		094F949A22537520008A1B47 /* DataResponseError.swift */ = {isa = PBXFileReference; fileEncoding = 4; lastKnownFileType = sourcecode.swift; path = DataResponseError.swift; sourceTree = "<group>"; };
		094F949C2253752B008A1B47 /* PagedResponse.swift */ = {isa = PBXFileReference; fileEncoding = 4; lastKnownFileType = sourcecode.swift; path = PagedResponse.swift; sourceTree = "<group>"; };
		094F949E2253766C008A1B47 /* ApiClient.swift */ = {isa = PBXFileReference; lastKnownFileType = sourcecode.swift; path = ApiClient.swift; sourceTree = "<group>"; };
		094F94A22254AC87008A1B47 /* PostVideoView.swift */ = {isa = PBXFileReference; fileEncoding = 4; lastKnownFileType = sourcecode.swift; path = PostVideoView.swift; sourceTree = "<group>"; };
		0951D3152277AE44004E8F91 /* Settings.swift */ = {isa = PBXFileReference; lastKnownFileType = sourcecode.swift; path = Settings.swift; sourceTree = "<group>"; };
		098FBA822278421200F2E737 /* FacebookSettings.swift */ = {isa = PBXFileReference; lastKnownFileType = sourcecode.swift; path = FacebookSettings.swift; sourceTree = "<group>"; };
		098FBA8522784DBD00F2E737 /* SettingsManager.swift */ = {isa = PBXFileReference; lastKnownFileType = sourcecode.swift; path = SettingsManager.swift; sourceTree = "<group>"; };
		098FBA872278E55900F2E737 /* FacebookAttachmentFactory.swift */ = {isa = PBXFileReference; lastKnownFileType = sourcecode.swift; path = FacebookAttachmentFactory.swift; sourceTree = "<group>"; };
		098FBA8A227AC91C00F2E737 /* InstagramDelegate.swift */ = {isa = PBXFileReference; lastKnownFileType = sourcecode.swift; path = InstagramDelegate.swift; sourceTree = "<group>"; };
		098FBA8C227AD80D00F2E737 /* InstagramApiClient.swift */ = {isa = PBXFileReference; lastKnownFileType = sourcecode.swift; path = InstagramApiClient.swift; sourceTree = "<group>"; };
		098FBA8F227ADFB200F2E737 /* PageHeaderView.swift */ = {isa = PBXFileReference; lastKnownFileType = sourcecode.swift; path = PageHeaderView.swift; sourceTree = "<group>"; };
		098FBA91227AE26300F2E737 /* InstagramPage.swift */ = {isa = PBXFileReference; lastKnownFileType = sourcecode.swift; path = InstagramPage.swift; sourceTree = "<group>"; };
		098FBA94227AE30F00F2E737 /* InstagramAttachments.swift */ = {isa = PBXFileReference; lastKnownFileType = sourcecode.swift; path = InstagramAttachments.swift; sourceTree = "<group>"; };
		098FBA97227B22D900F2E737 /* SetupSocialViewCell.swift */ = {isa = PBXFileReference; lastKnownFileType = sourcecode.swift; path = SetupSocialViewCell.swift; sourceTree = "<group>"; };
		098FBA99227B2B4200F2E737 /* InstagramSettings.swift */ = {isa = PBXFileReference; lastKnownFileType = sourcecode.swift; path = InstagramSettings.swift; sourceTree = "<group>"; };
		098FBA9B227B5BD600F2E737 /* SearchHeaderView.swift */ = {isa = PBXFileReference; lastKnownFileType = sourcecode.swift; path = SearchHeaderView.swift; sourceTree = "<group>"; };
		099506DC227CB33D00E99F6E /* InstagramPost.swift */ = {isa = PBXFileReference; lastKnownFileType = sourcecode.swift; path = InstagramPost.swift; sourceTree = "<group>"; };
		099506DE227CCBA900E99F6E /* InstagramAttachmentFactory.swift */ = {isa = PBXFileReference; lastKnownFileType = sourcecode.swift; path = InstagramAttachmentFactory.swift; sourceTree = "<group>"; };
		09B31313226C7386004E23F2 /* SwifteriOS.framework */ = {isa = PBXFileReference; explicitFileType = wrapper.framework; path = SwifteriOS.framework; sourceTree = BUILT_PRODUCTS_DIR; };
		09B31317226C73BD004E23F2 /* SwifteriOS.framework */ = {isa = PBXFileReference; explicitFileType = wrapper.framework; path = SwifteriOS.framework; sourceTree = BUILT_PRODUCTS_DIR; };
		09B31320226C751C004E23F2 /* TwitterDelegate.swift */ = {isa = PBXFileReference; lastKnownFileType = sourcecode.swift; path = TwitterDelegate.swift; sourceTree = "<group>"; };
		09B31322226C8A29004E23F2 /* TwitterApiClient.swift */ = {isa = PBXFileReference; lastKnownFileType = sourcecode.swift; path = TwitterApiClient.swift; sourceTree = "<group>"; };
		09B31325226C9A4A004E23F2 /* TwitterPost.swift */ = {isa = PBXFileReference; lastKnownFileType = sourcecode.swift; path = TwitterPost.swift; sourceTree = "<group>"; };
		09B31328226DB9B3004E23F2 /* TwitterAttachmentFactory.swift */ = {isa = PBXFileReference; lastKnownFileType = sourcecode.swift; path = TwitterAttachmentFactory.swift; sourceTree = "<group>"; };
		09B3132A226DB9DE004E23F2 /* TwitterAttachments.swift */ = {isa = PBXFileReference; lastKnownFileType = sourcecode.swift; path = TwitterAttachments.swift; sourceTree = "<group>"; };
		09B3132C226DE8CE004E23F2 /* ApiClientManager.swift */ = {isa = PBXFileReference; lastKnownFileType = sourcecode.swift; path = ApiClientManager.swift; sourceTree = "<group>"; };
		09B3132E2270638D004E23F2 /* DictionaryExtension.swift */ = {isa = PBXFileReference; lastKnownFileType = sourcecode.swift; path = DictionaryExtension.swift; sourceTree = "<group>"; };
		09B31332227072C0004E23F2 /* SocialManager.swift */ = {isa = PBXFileReference; lastKnownFileType = sourcecode.swift; path = SocialManager.swift; sourceTree = "<group>"; };
		09B313342270735C004E23F2 /* SocialDelegate.swift */ = {isa = PBXFileReference; lastKnownFileType = sourcecode.swift; path = SocialDelegate.swift; sourceTree = "<group>"; };
		09B313362271A656004E23F2 /* MainTabBarController.swift */ = {isa = PBXFileReference; lastKnownFileType = sourcecode.swift; path = MainTabBarController.swift; sourceTree = "<group>"; };
		09B3133822736B83004E23F2 /* SettingsMenuViewController.swift */ = {isa = PBXFileReference; lastKnownFileType = sourcecode.swift; path = SettingsMenuViewController.swift; sourceTree = "<group>"; };
		09B3133A227379BC004E23F2 /* SettingsNavigationViewController.swift */ = {isa = PBXFileReference; lastKnownFileType = sourcecode.swift; path = SettingsNavigationViewController.swift; sourceTree = "<group>"; };
		09B3133D22737A96004E23F2 /* GeneralSettingsViewController.swift */ = {isa = PBXFileReference; lastKnownFileType = sourcecode.swift; path = GeneralSettingsViewController.swift; sourceTree = "<group>"; };
		5075C4F7C0721EF576EEAA20 /* Pods_UFeed.framework */ = {isa = PBXFileReference; explicitFileType = wrapper.framework; includeInIndex = 0; path = Pods_UFeed.framework; sourceTree = BUILT_PRODUCTS_DIR; };
		843E94F722205CF90016242F /* UFeed.app */ = {isa = PBXFileReference; explicitFileType = wrapper.application; includeInIndex = 0; path = UFeed.app; sourceTree = BUILT_PRODUCTS_DIR; };
		843E951322206BE70016242F /* Assets.xcassets */ = {isa = PBXFileReference; lastKnownFileType = folder.assetcatalog; path = Assets.xcassets; sourceTree = "<group>"; };
		843E951522206BE70016242F /* Base */ = {isa = PBXFileReference; lastKnownFileType = file.storyboard; name = Base; path = Base.lproj/LaunchScreen.storyboard; sourceTree = "<group>"; };
		843E951722206BE70016242F /* Base */ = {isa = PBXFileReference; lastKnownFileType = file.storyboard; name = Base; path = Base.lproj/Main.storyboard; sourceTree = "<group>"; };
		843E951822206BE70016242F /* AppDelegate.swift */ = {isa = PBXFileReference; fileEncoding = 4; lastKnownFileType = sourcecode.swift; name = AppDelegate.swift; path = ../../AppDelegate.swift; sourceTree = "<group>"; };
		843E951922206BE70016242F /* Info.plist */ = {isa = PBXFileReference; fileEncoding = 4; lastKnownFileType = text.plist.xml; path = Info.plist; sourceTree = "<group>"; };
		84A140712250CF530063C31F /* SignInCollectionViewController.swift */ = {isa = PBXFileReference; lastKnownFileType = sourcecode.swift; path = SignInCollectionViewController.swift; sourceTree = "<group>"; };
		84A140722250CF530063C31F /* SignInCollectionViewController.xib */ = {isa = PBXFileReference; lastKnownFileType = file.xib; path = SignInCollectionViewController.xib; sourceTree = "<group>"; };
		84A140752250D11D0063C31F /* SignInCollectionViewCell.swift */ = {isa = PBXFileReference; lastKnownFileType = sourcecode.swift; path = SignInCollectionViewCell.swift; sourceTree = "<group>"; };
		84CB460C2240225600CD4445 /* GoogleService-Info.plist */ = {isa = PBXFileReference; fileEncoding = 4; lastKnownFileType = text.plist.xml; path = "GoogleService-Info.plist"; sourceTree = "<group>"; };
		84CB46102243A04500CD4445 /* FeedViewController.swift */ = {isa = PBXFileReference; lastKnownFileType = sourcecode.swift; path = FeedViewController.swift; sourceTree = "<group>"; };
		A0D01BD478CDAC7080679EB2 /* Pods-UFeed.release.xcconfig */ = {isa = PBXFileReference; includeInIndex = 1; lastKnownFileType = text.xcconfig; name = "Pods-UFeed.release.xcconfig"; path = "Target Support Files/Pods-UFeed/Pods-UFeed.release.xcconfig"; sourceTree = "<group>"; };
		CD50D54A06AC2C6DD9E81A0C /* Pods-UFeed.debug.xcconfig */ = {isa = PBXFileReference; includeInIndex = 1; lastKnownFileType = text.xcconfig; name = "Pods-UFeed.debug.xcconfig"; path = "Target Support Files/Pods-UFeed/Pods-UFeed.debug.xcconfig"; sourceTree = "<group>"; };
/* End PBXFileReference section */

/* Begin PBXFrameworksBuildPhase section */
		843E94F422205CF90016242F /* Frameworks */ = {
			isa = PBXFrameworksBuildPhase;
			buildActionMask = 2147483647;
			files = (
				09B3131C226C73E4004E23F2 /* SwifteriOS.framework in Frameworks */,
				2458CDBD3D888E0F2C0D3E2E /* Pods_UFeed.framework in Frameworks */,
			);
			runOnlyForDeploymentPostprocessing = 0;
		};
/* End PBXFrameworksBuildPhase section */

/* Begin PBXGroup section */
		0903E2EE2275A4A5000C9A5B /* Facebook */ = {
			isa = PBXGroup;
			children = (
				0903E2F522771184000C9A5B /* Entity */,
				0903E2EF2275A4F2000C9A5B /* FacebookDelegate.swift */,
				0903E2F12275A519000C9A5B /* FacebookApiClient.swift */,
			);
			path = Facebook;
			sourceTree = "<group>";
		};
		0903E2F522771184000C9A5B /* Entity */ = {
			isa = PBXGroup;
			children = (
				0903E2F8227715C0000C9A5B /* Attachments */,
				0903E2F62277119F000C9A5B /* FacebookPage.swift */,
				0903E2FF22773221000C9A5B /* FacebookPost.swift */,
			);
			path = Entity;
			sourceTree = "<group>";
		};
		0903E2F8227715C0000C9A5B /* Attachments */ = {
			isa = PBXGroup;
			children = (
				0903E2F9227715D7000C9A5B /* FacebookAttachments.swift */,
				098FBA872278E55900F2E737 /* FacebookAttachmentFactory.swift */,
			);
			path = Attachments;
			sourceTree = "<group>";
		};
		0903E2FB22771D30000C9A5B /* PostView */ = {
			isa = PBXGroup;
			children = (
				094F94A22254AC87008A1B47 /* PostVideoView.swift */,
				09433CBB22482CE100352CAC /* PostTableViewCell.swift */,
				09433CBD2248C4BC00352CAC /* PostHeaderView.swift */,
				09433CC122490A1900352CAC /* PostFileView.swift */,
				093BFA62224E4F67003AA08C /* PostAudioView.swift */,
			);
			path = PostView;
			sourceTree = "<group>";
		};
		0903E2FC22771D3D000C9A5B /* PageView */ = {
			isa = PBXGroup;
			children = (
				0903E2FD22771D5D000C9A5B /* PageTableViewCell.swift */,
				098FBA8F227ADFB200F2E737 /* PageHeaderView.swift */,
			);
			path = PageView;
			sourceTree = "<group>";
		};
		094F947A22524011008A1B47 /* VK */ = {
			isa = PBXGroup;
			children = (
				094F947C22524011008A1B47 /* Entity */,
				094F947B22524011008A1B47 /* VKPostMapper.swift */,
				094F948122524011008A1B47 /* VKDelegate.swift */,
				094F948222524011008A1B47 /* VKApiClient.swift */,
			);
			path = VK;
			sourceTree = "<group>";
		};
		094F947C22524011008A1B47 /* Entity */ = {
			isa = PBXGroup;
			children = (
				094F947E22524011008A1B47 /* Attachments */,
				094F947D22524011008A1B47 /* VKPost.swift */,
			);
			path = Entity;
			sourceTree = "<group>";
		};
		094F947E22524011008A1B47 /* Attachments */ = {
			isa = PBXGroup;
			children = (
				094F947F22524011008A1B47 /* VKAttachments.swift */,
				094F948022524011008A1B47 /* VKAttachmentFactory.swift */,
			);
			path = Attachments;
			sourceTree = "<group>";
		};
		094F948322524011008A1B47 /* Entity */ = {
			isa = PBXGroup;
			children = (
				094F948422524011008A1B47 /* AttachmentFactory.swift */,
				094F948522524011008A1B47 /* Post.swift */,
				094F948622524011008A1B47 /* Attachments.swift */,
				0903E2F322771110000C9A5B /* Page.swift */,
			);
			path = Entity;
			sourceTree = "<group>";
		};
		094F9491225345AD008A1B47 /* Utility */ = {
			isa = PBXGroup;
			children = (
				094F9492225345D6008A1B47 /* DateUtility.swift */,
				09B3132E2270638D004E23F2 /* DictionaryExtension.swift */,
			);
			path = Utility;
			sourceTree = "<group>";
		};
		094F949422536DB4008A1B47 /* API */ = {
			isa = PBXGroup;
			children = (
				098FBA89227AC8DC00F2E737 /* Instagram */,
				094F948322524011008A1B47 /* Entity */,
				0903E2EE2275A4A5000C9A5B /* Facebook */,
				09B3131F226C74F3004E23F2 /* Twitter */,
				094F949C2253752B008A1B47 /* PagedResponse.swift */,
				094F949A22537520008A1B47 /* DataResponseError.swift */,
				094F94982253751B008A1B47 /* Result.swift */,
				094F947A22524011008A1B47 /* VK */,
				09B3132C226DE8CE004E23F2 /* ApiClientManager.swift */,
				094F949E2253766C008A1B47 /* ApiClient.swift */,
				09B31332227072C0004E23F2 /* SocialManager.swift */,
				09B313342270735C004E23F2 /* SocialDelegate.swift */,
			);
			path = API;
			sourceTree = "<group>";
		};
		094F949522536E2F008A1B47 /* ViewModel */ = {
			isa = PBXGroup;
			children = (
				094F949622536E43008A1B47 /* PostViewModel.swift */,
			);
			path = ViewModel;
			sourceTree = "<group>";
		};
		0951D3142277AE33004E8F91 /* Settings */ = {
			isa = PBXGroup;
			children = (
				0951D3152277AE44004E8F91 /* Settings.swift */,
				098FBA822278421200F2E737 /* FacebookSettings.swift */,
				098FBA8522784DBD00F2E737 /* SettingsManager.swift */,
				098FBA99227B2B4200F2E737 /* InstagramSettings.swift */,
			);
			path = Settings;
			sourceTree = "<group>";
		};
		098FBA89227AC8DC00F2E737 /* Instagram */ = {
			isa = PBXGroup;
			children = (
				098FBA8E227AD81200F2E737 /* Entity */,
				098FBA8A227AC91C00F2E737 /* InstagramDelegate.swift */,
				098FBA8C227AD80D00F2E737 /* InstagramApiClient.swift */,
			);
			path = Instagram;
			sourceTree = "<group>";
		};
		098FBA8E227AD81200F2E737 /* Entity */ = {
			isa = PBXGroup;
			children = (
				098FBA93227AE2F600F2E737 /* Attachments */,
				098FBA91227AE26300F2E737 /* InstagramPage.swift */,
				099506DC227CB33D00E99F6E /* InstagramPost.swift */,
			);
			path = Entity;
			sourceTree = "<group>";
		};
		098FBA93227AE2F600F2E737 /* Attachments */ = {
			isa = PBXGroup;
			children = (
				098FBA94227AE30F00F2E737 /* InstagramAttachments.swift */,
				099506DE227CCBA900E99F6E /* InstagramAttachmentFactory.swift */,
			);
			path = Attachments;
			sourceTree = "<group>";
		};
		098FBA96227B228A00F2E737 /* SettingsView */ = {
			isa = PBXGroup;
			children = (
				098FBA97227B22D900F2E737 /* SetupSocialViewCell.swift */,
				098FBA9B227B5BD600F2E737 /* SearchHeaderView.swift */,
			);
			path = SettingsView;
			sourceTree = "<group>";
		};
		09B3131F226C74F3004E23F2 /* Twitter */ = {
			isa = PBXGroup;
			children = (
				09B31324226C9A35004E23F2 /* Entity */,
				09B31320226C751C004E23F2 /* TwitterDelegate.swift */,
				09B31322226C8A29004E23F2 /* TwitterApiClient.swift */,
			);
			path = Twitter;
			sourceTree = "<group>";
		};
		09B31324226C9A35004E23F2 /* Entity */ = {
			isa = PBXGroup;
			children = (
				09B31327226DB947004E23F2 /* Attachments */,
				09B31325226C9A4A004E23F2 /* TwitterPost.swift */,
			);
			path = Entity;
			sourceTree = "<group>";
		};
		09B31327226DB947004E23F2 /* Attachments */ = {
			isa = PBXGroup;
			children = (
				09B31328226DB9B3004E23F2 /* TwitterAttachmentFactory.swift */,
				09B3132A226DB9DE004E23F2 /* TwitterAttachments.swift */,
			);
			path = Attachments;
			sourceTree = "<group>";
		};
		09B3133C22737A71004E23F2 /* SettingsController */ = {
			isa = PBXGroup;
			children = (
				09B3133822736B83004E23F2 /* SettingsMenuViewController.swift */,
				09B3133A227379BC004E23F2 /* SettingsNavigationViewController.swift */,
				09B3133D22737A96004E23F2 /* GeneralSettingsViewController.swift */,
				0939372822738BF800394769 /* VkSettingsViewController.swift */,
				0939372A22738C0E00394769 /* TwitterSettingsViewController.swift */,
				0939372C22738C1B00394769 /* FacebookSettingsViewController.swift */,
				0939372E22738C2900394769 /* InstagramSettingsViewController.swift */,
				09393730227392EA00394769 /* SettingsViewController.swift */,
			);
			path = SettingsController;
			sourceTree = "<group>";
		};
		73044C9D1B139AA9A78752A8 /* Pods */ = {
			isa = PBXGroup;
			children = (
				CD50D54A06AC2C6DD9E81A0C /* Pods-UFeed.debug.xcconfig */,
				A0D01BD478CDAC7080679EB2 /* Pods-UFeed.release.xcconfig */,
			);
			path = Pods;
			sourceTree = "<group>";
		};
		843E94EE22205CF90016242F = {
			isa = PBXGroup;
			children = (
				09B31313226C7386004E23F2 /* SwifteriOS.framework */,
				843E94F922205CF90016242F /* UFeed */,
				843E94F822205CF90016242F /* Products */,
				73044C9D1B139AA9A78752A8 /* Pods */,
				85EE79975B332560F7E1E52D /* Frameworks */,
			);
			sourceTree = "<group>";
		};
		843E94F822205CF90016242F /* Products */ = {
			isa = PBXGroup;
			children = (
				843E94F722205CF90016242F /* UFeed.app */,
			);
			name = Products;
			sourceTree = "<group>";
		};
		843E94F922205CF90016242F /* UFeed */ = {
			isa = PBXGroup;
			children = (
				094F949522536E2F008A1B47 /* ViewModel */,
				094F949422536DB4008A1B47 /* API */,
				843E951222206BE70016242F /* SupportFiles */,
				843E951122206BDF0016242F /* View */,
				843E951022206BD20016242F /* Model */,
				843E950D22206BB10016242F /* Controller */,
			);
			path = UFeed;
			sourceTree = "<group>";
		};
		843E950D22206BB10016242F /* Controller */ = {
			isa = PBXGroup;
			children = (
				09B3133C22737A71004E23F2 /* SettingsController */,
				84CB46102243A04500CD4445 /* FeedViewController.swift */,
				09433CB922482BC800352CAC /* Extension.swift */,
				84A140712250CF530063C31F /* SignInCollectionViewController.swift */,
				84A140722250CF530063C31F /* SignInCollectionViewController.xib */,
				09B313362271A656004E23F2 /* MainTabBarController.swift */,
			);
			path = Controller;
			sourceTree = "<group>";
		};
		843E951022206BD20016242F /* Model */ = {
			isa = PBXGroup;
			children = (
				0951D3142277AE33004E8F91 /* Settings */,
				094F9491225345AD008A1B47 /* Utility */,
				093DE78A224A46F2003B7689 /* SingleMediaPlayer.swift */,
			);
			path = Model;
			sourceTree = "<group>";
		};
		843E951122206BDF0016242F /* View */ = {
			isa = PBXGroup;
			children = (
				098FBA96227B228A00F2E737 /* SettingsView */,
				0903E2FC22771D3D000C9A5B /* PageView */,
				0903E2FB22771D30000C9A5B /* PostView */,
				84A140752250D11D0063C31F /* SignInCollectionViewCell.swift */,
			);
			path = View;
			sourceTree = "<group>";
		};
		843E951222206BE70016242F /* SupportFiles */ = {
			isa = PBXGroup;
			children = (
				843E951322206BE70016242F /* Assets.xcassets */,
				843E951622206BE70016242F /* Main.storyboard */,
				843E951422206BE70016242F /* LaunchScreen.storyboard */,
				843E951822206BE70016242F /* AppDelegate.swift */,
				843E951922206BE70016242F /* Info.plist */,
				84CB460C2240225600CD4445 /* GoogleService-Info.plist */,
			);
			path = SupportFiles;
			sourceTree = "<group>";
		};
		85EE79975B332560F7E1E52D /* Frameworks */ = {
			isa = PBXGroup;
			children = (
				09B31317226C73BD004E23F2 /* SwifteriOS.framework */,
				5075C4F7C0721EF576EEAA20 /* Pods_UFeed.framework */,
			);
			name = Frameworks;
			sourceTree = "<group>";
		};
/* End PBXGroup section */

/* Begin PBXNativeTarget section */
		843E94F622205CF90016242F /* UFeed */ = {
			isa = PBXNativeTarget;
			buildConfigurationList = 843E950922205CFE0016242F /* Build configuration list for PBXNativeTarget "UFeed" */;
			buildPhases = (
				AA200F5F10AD3961A7109AEC /* [CP] Check Pods Manifest.lock */,
				843E94F322205CF90016242F /* Sources */,
				843E94F422205CF90016242F /* Frameworks */,
				843E94F522205CF90016242F /* Resources */,
				09B3131E226C73E5004E23F2 /* Embed Frameworks */,
				D7E464674CF91D5E0A0FB68E /* [CP] Embed Pods Frameworks */,
			);
			buildRules = (
			);
			dependencies = (
			);
			name = UFeed;
			productName = UFeed;
			productReference = 843E94F722205CF90016242F /* UFeed.app */;
			productType = "com.apple.product-type.application";
		};
/* End PBXNativeTarget section */

/* Begin PBXProject section */
		843E94EF22205CF90016242F /* Project object */ = {
			isa = PBXProject;
			attributes = {
				LastSwiftUpdateCheck = 1010;
				LastUpgradeCheck = 1010;
				ORGANIZATIONNAME = Admin;
				TargetAttributes = {
					843E94F622205CF90016242F = {
						CreatedOnToolsVersion = 10.1;
					};
				};
			};
			buildConfigurationList = 843E94F222205CF90016242F /* Build configuration list for PBXProject "UFeed" */;
			compatibilityVersion = "Xcode 9.3";
			developmentRegion = en;
			hasScannedForEncodings = 0;
			knownRegions = (
				en,
				Base,
			);
			mainGroup = 843E94EE22205CF90016242F;
			productRefGroup = 843E94F822205CF90016242F /* Products */;
			projectDirPath = "";
			projectRoot = "";
			targets = (
				843E94F622205CF90016242F /* UFeed */,
			);
		};
/* End PBXProject section */

/* Begin PBXResourcesBuildPhase section */
		843E94F522205CF90016242F /* Resources */ = {
			isa = PBXResourcesBuildPhase;
			buildActionMask = 2147483647;
			files = (
				843E951A22206BE70016242F /* Assets.xcassets in Resources */,
				84A140742250CF530063C31F /* SignInCollectionViewController.xib in Resources */,
				843E951C22206BE70016242F /* Main.storyboard in Resources */,
				84CB460D2240225600CD4445 /* GoogleService-Info.plist in Resources */,
				843E951B22206BE70016242F /* LaunchScreen.storyboard in Resources */,
			);
			runOnlyForDeploymentPostprocessing = 0;
		};
/* End PBXResourcesBuildPhase section */

/* Begin PBXShellScriptBuildPhase section */
		AA200F5F10AD3961A7109AEC /* [CP] Check Pods Manifest.lock */ = {
			isa = PBXShellScriptBuildPhase;
			buildActionMask = 2147483647;
			files = (
			);
			inputFileListPaths = (
			);
			inputPaths = (
				"${PODS_PODFILE_DIR_PATH}/Podfile.lock",
				"${PODS_ROOT}/Manifest.lock",
			);
			name = "[CP] Check Pods Manifest.lock";
			outputFileListPaths = (
			);
			outputPaths = (
				"$(DERIVED_FILE_DIR)/Pods-UFeed-checkManifestLockResult.txt",
			);
			runOnlyForDeploymentPostprocessing = 0;
			shellPath = /bin/sh;
			shellScript = "diff \"${PODS_PODFILE_DIR_PATH}/Podfile.lock\" \"${PODS_ROOT}/Manifest.lock\" > /dev/null\nif [ $? != 0 ] ; then\n    # print error to STDERR\n    echo \"error: The sandbox is not in sync with the Podfile.lock. Run 'pod install' or update your CocoaPods installation.\" >&2\n    exit 1\nfi\n# This output is used by Xcode 'outputs' to avoid re-running this script phase.\necho \"SUCCESS\" > \"${SCRIPT_OUTPUT_FILE_0}\"\n";
			showEnvVarsInLog = 0;
		};
		D7E464674CF91D5E0A0FB68E /* [CP] Embed Pods Frameworks */ = {
			isa = PBXShellScriptBuildPhase;
			buildActionMask = 2147483647;
			files = (
			);
			inputFileListPaths = (
			);
			inputPaths = (
				"${PODS_ROOT}/Target Support Files/Pods-UFeed/Pods-UFeed-frameworks.sh",
				"${BUILT_PRODUCTS_DIR}/Bolts/Bolts.framework",
				"${BUILT_PRODUCTS_DIR}/FBSDKCoreKit/FBSDKCoreKit.framework",
				"${BUILT_PRODUCTS_DIR}/FBSDKLoginKit/FBSDKLoginKit.framework",
				"${BUILT_PRODUCTS_DIR}/FacebookCore/FacebookCore.framework",
				"${BUILT_PRODUCTS_DIR}/FacebookLogin/FacebookLogin.framework",
				"${BUILT_PRODUCTS_DIR}/ImageSlideshow/ImageSlideshow.framework",
				"${BUILT_PRODUCTS_DIR}/ModelMapper/Mapper.framework",
				"${BUILT_PRODUCTS_DIR}/NAKPlaybackIndicatorView/NAKPlaybackIndicatorView.framework",
				"${BUILT_PRODUCTS_DIR}/ReadMoreTextView/ReadMoreTextView.framework",
				"${BUILT_PRODUCTS_DIR}/SDWebImage/SDWebImage.framework",
				"${BUILT_PRODUCTS_DIR}/SideMenuSwift/SideMenuSwift.framework",
				"${BUILT_PRODUCTS_DIR}/VK-ios-sdk/VK_ios_sdk.framework",
			);
			name = "[CP] Embed Pods Frameworks";
			outputFileListPaths = (
			);
			outputPaths = (
				"${TARGET_BUILD_DIR}/${FRAMEWORKS_FOLDER_PATH}/Bolts.framework",
				"${TARGET_BUILD_DIR}/${FRAMEWORKS_FOLDER_PATH}/FBSDKCoreKit.framework",
				"${TARGET_BUILD_DIR}/${FRAMEWORKS_FOLDER_PATH}/FBSDKLoginKit.framework",
				"${TARGET_BUILD_DIR}/${FRAMEWORKS_FOLDER_PATH}/FacebookCore.framework",
				"${TARGET_BUILD_DIR}/${FRAMEWORKS_FOLDER_PATH}/FacebookLogin.framework",
				"${TARGET_BUILD_DIR}/${FRAMEWORKS_FOLDER_PATH}/ImageSlideshow.framework",
				"${TARGET_BUILD_DIR}/${FRAMEWORKS_FOLDER_PATH}/Mapper.framework",
				"${TARGET_BUILD_DIR}/${FRAMEWORKS_FOLDER_PATH}/NAKPlaybackIndicatorView.framework",
				"${TARGET_BUILD_DIR}/${FRAMEWORKS_FOLDER_PATH}/ReadMoreTextView.framework",
				"${TARGET_BUILD_DIR}/${FRAMEWORKS_FOLDER_PATH}/SDWebImage.framework",
				"${TARGET_BUILD_DIR}/${FRAMEWORKS_FOLDER_PATH}/SideMenuSwift.framework",
				"${TARGET_BUILD_DIR}/${FRAMEWORKS_FOLDER_PATH}/VK_ios_sdk.framework",
			);
			runOnlyForDeploymentPostprocessing = 0;
			shellPath = /bin/sh;
			shellScript = "\"${PODS_ROOT}/Target Support Files/Pods-UFeed/Pods-UFeed-frameworks.sh\"\n";
			showEnvVarsInLog = 0;
		};
/* End PBXShellScriptBuildPhase section */

/* Begin PBXSourcesBuildPhase section */
		843E94F322205CF90016242F /* Sources */ = {
			isa = PBXSourcesBuildPhase;
			buildActionMask = 2147483647;
			files = (
				843E951D22206BE70016242F /* AppDelegate.swift in Sources */,
				09B31323226C8A29004E23F2 /* TwitterApiClient.swift in Sources */,
				0951D3162277AE44004E8F91 /* Settings.swift in Sources */,
				099506DF227CCBA900E99F6E /* InstagramAttachmentFactory.swift in Sources */,
				84CB46112243A04500CD4445 /* FeedViewController.swift in Sources */,
				098FBA8D227AD80D00F2E737 /* InstagramApiClient.swift in Sources */,
				09B3132D226DE8CE004E23F2 /* ApiClientManager.swift in Sources */,
				09B31321226C751C004E23F2 /* TwitterDelegate.swift in Sources */,
				84A140762250D11D0063C31F /* SignInCollectionViewCell.swift in Sources */,
				0939372B22738C0E00394769 /* TwitterSettingsViewController.swift in Sources */,
				0903E30022773221000C9A5B /* FacebookPost.swift in Sources */,
				09B3133E22737A96004E23F2 /* GeneralSettingsViewController.swift in Sources */,
				094F948D22524011008A1B47 /* VKApiClient.swift in Sources */,
				094F948A22524011008A1B47 /* VKAttachments.swift in Sources */,
				84A140732250CF530063C31F /* SignInCollectionViewController.swift in Sources */,
				09B3132F2270638D004E23F2 /* DictionaryExtension.swift in Sources */,
				09433CBC22482CE100352CAC /* PostTableViewCell.swift in Sources */,
				09B313372271A656004E23F2 /* MainTabBarController.swift in Sources */,
				09B313352270735C004E23F2 /* SocialDelegate.swift in Sources */,
				094F948B22524011008A1B47 /* VKAttachmentFactory.swift in Sources */,
				098FBA9A227B2B4200F2E737 /* InstagramSettings.swift in Sources */,
				098FBA98227B22D900F2E737 /* SetupSocialViewCell.swift in Sources */,
				09B31333227072C0004E23F2 /* SocialManager.swift in Sources */,
				098FBA832278421200F2E737 /* FacebookSettings.swift in Sources */,
				0939372D22738C1B00394769 /* FacebookSettingsViewController.swift in Sources */,
				09B3133B227379BC004E23F2 /* SettingsNavigationViewController.swift in Sources */,
				094F948822524011008A1B47 /* VKPostMapper.swift in Sources */,
				09B31329226DB9B3004E23F2 /* TwitterAttachmentFactory.swift in Sources */,
				098FBA92227AE26300F2E737 /* InstagramPage.swift in Sources */,
				0939372F22738C2900394769 /* InstagramSettingsViewController.swift in Sources */,
				098FBA95227AE30F00F2E737 /* InstagramAttachments.swift in Sources */,
				094F9493225345D6008A1B47 /* DateUtility.swift in Sources */,
				09B3132B226DB9DE004E23F2 /* TwitterAttachments.swift in Sources */,
				098FBA90227ADFB200F2E737 /* PageHeaderView.swift in Sources */,
				09B3133922736B83004E23F2 /* SettingsMenuViewController.swift in Sources */,
				094F949D2253752B008A1B47 /* PagedResponse.swift in Sources */,
				098FBA9C227B5BD600F2E737 /* SearchHeaderView.swift in Sources */,
				094F949022524011008A1B47 /* Attachments.swift in Sources */,
				098FBA8B227AC91C00F2E737 /* InstagramDelegate.swift in Sources */,
				0903E2F22275A519000C9A5B /* FacebookApiClient.swift in Sources */,
				09433CBA22482BC800352CAC /* Extension.swift in Sources */,
				094F94992253751B008A1B47 /* Result.swift in Sources */,
				09433CC222490A1900352CAC /* PostFileView.swift in Sources */,
				094F948C22524011008A1B47 /* VKDelegate.swift in Sources */,
				093DE78B224A46F2003B7689 /* SingleMediaPlayer.swift in Sources */,
				09433CBE2248C4BC00352CAC /* PostHeaderView.swift in Sources */,
				0903E2FE22771D5D000C9A5B /* PageTableViewCell.swift in Sources */,
				0903E2F422771110000C9A5B /* Page.swift in Sources */,
				09B31326226C9A4A004E23F2 /* TwitterPost.swift in Sources */,
				0903E2F72277119F000C9A5B /* FacebookPage.swift in Sources */,
				098FBA882278E55900F2E737 /* FacebookAttachmentFactory.swift in Sources */,
				094F948922524011008A1B47 /* VKPost.swift in Sources */,
				09393731227392EA00394769 /* SettingsViewController.swift in Sources */,
				094F949722536E43008A1B47 /* PostViewModel.swift in Sources */,
				098FBA8622784DBD00F2E737 /* SettingsManager.swift in Sources */,
				094F949F2253766C008A1B47 /* ApiClient.swift in Sources */,
				0903E2F02275A4F2000C9A5B /* FacebookDelegate.swift in Sources */,
				0939372922738BF800394769 /* VkSettingsViewController.swift in Sources */,
				094F94A32254AC87008A1B47 /* PostVideoView.swift in Sources */,
				099506DD227CB33D00E99F6E /* InstagramPost.swift in Sources */,
				093BFA63224E4F67003AA08C /* PostAudioView.swift in Sources */,
				0903E2FA227715D7000C9A5B /* FacebookAttachments.swift in Sources */,
				094F949B22537521008A1B47 /* DataResponseError.swift in Sources */,
				094F948E22524011008A1B47 /* AttachmentFactory.swift in Sources */,
				094F948F22524011008A1B47 /* Post.swift in Sources */,
			);
			runOnlyForDeploymentPostprocessing = 0;
		};
/* End PBXSourcesBuildPhase section */

/* Begin PBXVariantGroup section */
		843E951422206BE70016242F /* LaunchScreen.storyboard */ = {
			isa = PBXVariantGroup;
			children = (
				843E951522206BE70016242F /* Base */,
			);
			name = LaunchScreen.storyboard;
			sourceTree = "<group>";
		};
		843E951622206BE70016242F /* Main.storyboard */ = {
			isa = PBXVariantGroup;
			children = (
				843E951722206BE70016242F /* Base */,
			);
			name = Main.storyboard;
			sourceTree = "<group>";
		};
/* End PBXVariantGroup section */

/* Begin XCBuildConfiguration section */
		843E950722205CFE0016242F /* Debug */ = {
			isa = XCBuildConfiguration;
			buildSettings = {
				ALWAYS_SEARCH_USER_PATHS = NO;
				CLANG_ANALYZER_NONNULL = YES;
				CLANG_ANALYZER_NUMBER_OBJECT_CONVERSION = YES_AGGRESSIVE;
				CLANG_CXX_LANGUAGE_STANDARD = "gnu++14";
				CLANG_CXX_LIBRARY = "libc++";
				CLANG_ENABLE_MODULES = YES;
				CLANG_ENABLE_OBJC_ARC = YES;
				CLANG_ENABLE_OBJC_WEAK = YES;
				CLANG_WARN_BLOCK_CAPTURE_AUTORELEASING = YES;
				CLANG_WARN_BOOL_CONVERSION = YES;
				CLANG_WARN_COMMA = YES;
				CLANG_WARN_CONSTANT_CONVERSION = YES;
				CLANG_WARN_DEPRECATED_OBJC_IMPLEMENTATIONS = YES;
				CLANG_WARN_DIRECT_OBJC_ISA_USAGE = YES_ERROR;
				CLANG_WARN_DOCUMENTATION_COMMENTS = YES;
				CLANG_WARN_EMPTY_BODY = YES;
				CLANG_WARN_ENUM_CONVERSION = YES;
				CLANG_WARN_INFINITE_RECURSION = YES;
				CLANG_WARN_INT_CONVERSION = YES;
				CLANG_WARN_NON_LITERAL_NULL_CONVERSION = YES;
				CLANG_WARN_OBJC_IMPLICIT_RETAIN_SELF = YES;
				CLANG_WARN_OBJC_LITERAL_CONVERSION = YES;
				CLANG_WARN_OBJC_ROOT_CLASS = YES_ERROR;
				CLANG_WARN_RANGE_LOOP_ANALYSIS = YES;
				CLANG_WARN_STRICT_PROTOTYPES = YES;
				CLANG_WARN_SUSPICIOUS_MOVE = YES;
				CLANG_WARN_UNGUARDED_AVAILABILITY = YES_AGGRESSIVE;
				CLANG_WARN_UNREACHABLE_CODE = YES;
				CLANG_WARN__DUPLICATE_METHOD_MATCH = YES;
				CODE_SIGN_IDENTITY = "iPhone Developer";
				COPY_PHASE_STRIP = NO;
				DEBUG_INFORMATION_FORMAT = dwarf;
				ENABLE_STRICT_OBJC_MSGSEND = YES;
				ENABLE_TESTABILITY = YES;
				GCC_C_LANGUAGE_STANDARD = gnu11;
				GCC_DYNAMIC_NO_PIC = NO;
				GCC_NO_COMMON_BLOCKS = YES;
				GCC_OPTIMIZATION_LEVEL = 0;
				GCC_PREPROCESSOR_DEFINITIONS = (
					"DEBUG=1",
					"$(inherited)",
				);
				GCC_WARN_64_TO_32_BIT_CONVERSION = YES;
				GCC_WARN_ABOUT_RETURN_TYPE = YES_ERROR;
				GCC_WARN_UNDECLARED_SELECTOR = YES;
				GCC_WARN_UNINITIALIZED_AUTOS = YES_AGGRESSIVE;
				GCC_WARN_UNUSED_FUNCTION = YES;
				GCC_WARN_UNUSED_VARIABLE = YES;
				IPHONEOS_DEPLOYMENT_TARGET = 12.1;
				MTL_ENABLE_DEBUG_INFO = INCLUDE_SOURCE;
				MTL_FAST_MATH = YES;
				ONLY_ACTIVE_ARCH = YES;
				SDKROOT = iphoneos;
				SWIFT_ACTIVE_COMPILATION_CONDITIONS = DEBUG;
				SWIFT_OPTIMIZATION_LEVEL = "-Onone";
			};
			name = Debug;
		};
		843E950822205CFE0016242F /* Release */ = {
			isa = XCBuildConfiguration;
			buildSettings = {
				ALWAYS_SEARCH_USER_PATHS = NO;
				CLANG_ANALYZER_NONNULL = YES;
				CLANG_ANALYZER_NUMBER_OBJECT_CONVERSION = YES_AGGRESSIVE;
				CLANG_CXX_LANGUAGE_STANDARD = "gnu++14";
				CLANG_CXX_LIBRARY = "libc++";
				CLANG_ENABLE_MODULES = YES;
				CLANG_ENABLE_OBJC_ARC = YES;
				CLANG_ENABLE_OBJC_WEAK = YES;
				CLANG_WARN_BLOCK_CAPTURE_AUTORELEASING = YES;
				CLANG_WARN_BOOL_CONVERSION = YES;
				CLANG_WARN_COMMA = YES;
				CLANG_WARN_CONSTANT_CONVERSION = YES;
				CLANG_WARN_DEPRECATED_OBJC_IMPLEMENTATIONS = YES;
				CLANG_WARN_DIRECT_OBJC_ISA_USAGE = YES_ERROR;
				CLANG_WARN_DOCUMENTATION_COMMENTS = YES;
				CLANG_WARN_EMPTY_BODY = YES;
				CLANG_WARN_ENUM_CONVERSION = YES;
				CLANG_WARN_INFINITE_RECURSION = YES;
				CLANG_WARN_INT_CONVERSION = YES;
				CLANG_WARN_NON_LITERAL_NULL_CONVERSION = YES;
				CLANG_WARN_OBJC_IMPLICIT_RETAIN_SELF = YES;
				CLANG_WARN_OBJC_LITERAL_CONVERSION = YES;
				CLANG_WARN_OBJC_ROOT_CLASS = YES_ERROR;
				CLANG_WARN_RANGE_LOOP_ANALYSIS = YES;
				CLANG_WARN_STRICT_PROTOTYPES = YES;
				CLANG_WARN_SUSPICIOUS_MOVE = YES;
				CLANG_WARN_UNGUARDED_AVAILABILITY = YES_AGGRESSIVE;
				CLANG_WARN_UNREACHABLE_CODE = YES;
				CLANG_WARN__DUPLICATE_METHOD_MATCH = YES;
				CODE_SIGN_IDENTITY = "iPhone Developer";
				COPY_PHASE_STRIP = NO;
				DEBUG_INFORMATION_FORMAT = "dwarf-with-dsym";
				ENABLE_NS_ASSERTIONS = NO;
				ENABLE_STRICT_OBJC_MSGSEND = YES;
				GCC_C_LANGUAGE_STANDARD = gnu11;
				GCC_NO_COMMON_BLOCKS = YES;
				GCC_WARN_64_TO_32_BIT_CONVERSION = YES;
				GCC_WARN_ABOUT_RETURN_TYPE = YES_ERROR;
				GCC_WARN_UNDECLARED_SELECTOR = YES;
				GCC_WARN_UNINITIALIZED_AUTOS = YES_AGGRESSIVE;
				GCC_WARN_UNUSED_FUNCTION = YES;
				GCC_WARN_UNUSED_VARIABLE = YES;
				IPHONEOS_DEPLOYMENT_TARGET = 12.1;
				MTL_ENABLE_DEBUG_INFO = NO;
				MTL_FAST_MATH = YES;
				SDKROOT = iphoneos;
				SWIFT_COMPILATION_MODE = wholemodule;
				SWIFT_OPTIMIZATION_LEVEL = "-O";
				VALIDATE_PRODUCT = YES;
			};
			name = Release;
		};
		843E950A22205CFE0016242F /* Debug */ = {
			isa = XCBuildConfiguration;
			baseConfigurationReference = CD50D54A06AC2C6DD9E81A0C /* Pods-UFeed.debug.xcconfig */;
			buildSettings = {
				ASSETCATALOG_COMPILER_APPICON_NAME = AppIcon;
				CODE_SIGN_STYLE = Automatic;
				DEVELOPMENT_TEAM = D9U8B2UP79;
				INFOPLIST_FILE = "$(SRCROOT)/UFeed/SupportFiles/Info.plist";
				LD_RUNPATH_SEARCH_PATHS = (
					"$(inherited)",
					"@executable_path/Frameworks",
				);
				PRODUCT_BUNDLE_IDENTIFIER = "com.darya-eli.UFeed";
				PRODUCT_NAME = "$(TARGET_NAME)";
				SWIFT_VERSION = 4.2;
				TARGETED_DEVICE_FAMILY = 1;
			};
			name = Debug;
		};
		843E950B22205CFE0016242F /* Release */ = {
			isa = XCBuildConfiguration;
			baseConfigurationReference = A0D01BD478CDAC7080679EB2 /* Pods-UFeed.release.xcconfig */;
			buildSettings = {
				ASSETCATALOG_COMPILER_APPICON_NAME = AppIcon;
				CODE_SIGN_STYLE = Automatic;
				DEVELOPMENT_TEAM = D9U8B2UP79;
				INFOPLIST_FILE = "$(SRCROOT)/UFeed/SupportFiles/Info.plist";
				LD_RUNPATH_SEARCH_PATHS = (
					"$(inherited)",
					"@executable_path/Frameworks",
				);
				PRODUCT_BUNDLE_IDENTIFIER = "com.darya-eli.UFeed";
				PRODUCT_NAME = "$(TARGET_NAME)";
				SWIFT_VERSION = 4.2;
				TARGETED_DEVICE_FAMILY = 1;
			};
			name = Release;
		};
/* End XCBuildConfiguration section */

/* Begin XCConfigurationList section */
		843E94F222205CF90016242F /* Build configuration list for PBXProject "UFeed" */ = {
			isa = XCConfigurationList;
			buildConfigurations = (
				843E950722205CFE0016242F /* Debug */,
				843E950822205CFE0016242F /* Release */,
			);
			defaultConfigurationIsVisible = 0;
			defaultConfigurationName = Release;
		};
		843E950922205CFE0016242F /* Build configuration list for PBXNativeTarget "UFeed" */ = {
			isa = XCConfigurationList;
			buildConfigurations = (
				843E950A22205CFE0016242F /* Debug */,
				843E950B22205CFE0016242F /* Release */,
			);
			defaultConfigurationIsVisible = 0;
			defaultConfigurationName = Release;
		};
/* End XCConfigurationList section */
	};
	rootObject = 843E94EF22205CF90016242F /* Project object */;
}
